// !$*UTF8*$!
{
	archiveVersion = 1;
	classes = {
	};
	objectVersion = 46;
	objects = {

/* Begin PBXBuildFile section */
		07C18135E255FB4507211CA6 /* Pods_Lecture09_SocialDemoTests.framework in Frameworks */ = {isa = PBXBuildFile; fileRef = E009D231E2323F5C102B1D67 /* Pods_Lecture09_SocialDemoTests.framework */; };
		6573B2389372C86A4CFF82A2 /* Pods_Lecture09_SocialDemoUITests.framework in Frameworks */ = {isa = PBXBuildFile; fileRef = ACFDAFC6F593C4218446AE20 /* Pods_Lecture09_SocialDemoUITests.framework */; };
		9141D8696EF10853DE8CBABB /* Pods_Lecture09_SocialDemo.framework in Frameworks */ = {isa = PBXBuildFile; fileRef = DF45759FD8A2ED753C41403A /* Pods_Lecture09_SocialDemo.framework */; };
		9E8DDA4A1D478E4800B9A12E /* AppDelegate.swift in Sources */ = {isa = PBXBuildFile; fileRef = 9E8DDA491D478E4800B9A12E /* AppDelegate.swift */; };
		9E8DDA4C1D478E4800B9A12E /* MasterViewController.swift in Sources */ = {isa = PBXBuildFile; fileRef = 9E8DDA4B1D478E4800B9A12E /* MasterViewController.swift */; };
		9E8DDA4E1D478E4800B9A12E /* DetailViewController.swift in Sources */ = {isa = PBXBuildFile; fileRef = 9E8DDA4D1D478E4800B9A12E /* DetailViewController.swift */; };
		9E8DDA511D478E4800B9A12E /* Main.storyboard in Resources */ = {isa = PBXBuildFile; fileRef = 9E8DDA4F1D478E4800B9A12E /* Main.storyboard */; };
		9E8DDA531D478E4800B9A12E /* Assets.xcassets in Resources */ = {isa = PBXBuildFile; fileRef = 9E8DDA521D478E4800B9A12E /* Assets.xcassets */; };
		9E8DDA561D478E4800B9A12E /* LaunchScreen.storyboard in Resources */ = {isa = PBXBuildFile; fileRef = 9E8DDA541D478E4800B9A12E /* LaunchScreen.storyboard */; };
		9E8DDA611D478E4900B9A12E /* Lecture09_SocialDemoTests.swift in Sources */ = {isa = PBXBuildFile; fileRef = 9E8DDA601D478E4900B9A12E /* Lecture09_SocialDemoTests.swift */; };
		9E8DDA6C1D478E4900B9A12E /* Lecture09_SocialDemoUITests.swift in Sources */ = {isa = PBXBuildFile; fileRef = 9E8DDA6B1D478E4900B9A12E /* Lecture09_SocialDemoUITests.swift */; };
		9E8DDA7A1D478F6900B9A12E /* Accounts.framework in Frameworks */ = {isa = PBXBuildFile; fileRef = 9E8DDA791D478F6900B9A12E /* Accounts.framework */; };
		9E8DDA7C1D478F7000B9A12E /* Social.framework in Frameworks */ = {isa = PBXBuildFile; fileRef = 9E8DDA7B1D478F7000B9A12E /* Social.framework */; };
		9E8DDA7E1D47927E00B9A12E /* StreamViewController.swift in Sources */ = {isa = PBXBuildFile; fileRef = 9E8DDA7D1D47927E00B9A12E /* StreamViewController.swift */; };
/* End PBXBuildFile section */

/* Begin PBXContainerItemProxy section */
		9E8DDA5D1D478E4900B9A12E /* PBXContainerItemProxy */ = {
			isa = PBXContainerItemProxy;
			containerPortal = 9E8DDA3E1D478E4800B9A12E /* Project object */;
			proxyType = 1;
			remoteGlobalIDString = 9E8DDA451D478E4800B9A12E;
			remoteInfo = "Lecture09-SocialDemo";
		};
		9E8DDA681D478E4900B9A12E /* PBXContainerItemProxy */ = {
			isa = PBXContainerItemProxy;
			containerPortal = 9E8DDA3E1D478E4800B9A12E /* Project object */;
			proxyType = 1;
			remoteGlobalIDString = 9E8DDA451D478E4800B9A12E;
			remoteInfo = "Lecture09-SocialDemo";
		};
/* End PBXContainerItemProxy section */

/* Begin PBXFileReference section */
		14E9516250BC860E7419A6B3 /* Pods-Lecture09-SocialDemo.release.xcconfig */ = {isa = PBXFileReference; includeInIndex = 1; lastKnownFileType = text.xcconfig; name = "Pods-Lecture09-SocialDemo.release.xcconfig"; path = "Pods/Target Support Files/Pods-Lecture09-SocialDemo/Pods-Lecture09-SocialDemo.release.xcconfig"; sourceTree = "<group>"; };
		3A0BBD35346D27316288999A /* Pods-Lecture09-SocialDemoTests.debug.xcconfig */ = {isa = PBXFileReference; includeInIndex = 1; lastKnownFileType = text.xcconfig; name = "Pods-Lecture09-SocialDemoTests.debug.xcconfig"; path = "Pods/Target Support Files/Pods-Lecture09-SocialDemoTests/Pods-Lecture09-SocialDemoTests.debug.xcconfig"; sourceTree = "<group>"; };
		3F1E578406142A3528815C96 /* Pods-Lecture09-SocialDemoTests.release.xcconfig */ = {isa = PBXFileReference; includeInIndex = 1; lastKnownFileType = text.xcconfig; name = "Pods-Lecture09-SocialDemoTests.release.xcconfig"; path = "Pods/Target Support Files/Pods-Lecture09-SocialDemoTests/Pods-Lecture09-SocialDemoTests.release.xcconfig"; sourceTree = "<group>"; };
		9E8DDA461D478E4800B9A12E /* Lecture09-SocialDemo.app */ = {isa = PBXFileReference; explicitFileType = wrapper.application; includeInIndex = 0; path = "Lecture09-SocialDemo.app"; sourceTree = BUILT_PRODUCTS_DIR; };
		9E8DDA491D478E4800B9A12E /* AppDelegate.swift */ = {isa = PBXFileReference; lastKnownFileType = sourcecode.swift; path = AppDelegate.swift; sourceTree = "<group>"; };
		9E8DDA4B1D478E4800B9A12E /* MasterViewController.swift */ = {isa = PBXFileReference; lastKnownFileType = sourcecode.swift; path = MasterViewController.swift; sourceTree = "<group>"; };
		9E8DDA4D1D478E4800B9A12E /* DetailViewController.swift */ = {isa = PBXFileReference; lastKnownFileType = sourcecode.swift; path = DetailViewController.swift; sourceTree = "<group>"; };
		9E8DDA501D478E4800B9A12E /* Base */ = {isa = PBXFileReference; lastKnownFileType = file.storyboard; name = Base; path = Base.lproj/Main.storyboard; sourceTree = "<group>"; };
		9E8DDA521D478E4800B9A12E /* Assets.xcassets */ = {isa = PBXFileReference; lastKnownFileType = folder.assetcatalog; path = Assets.xcassets; sourceTree = "<group>"; };
		9E8DDA551D478E4800B9A12E /* Base */ = {isa = PBXFileReference; lastKnownFileType = file.storyboard; name = Base; path = Base.lproj/LaunchScreen.storyboard; sourceTree = "<group>"; };
		9E8DDA571D478E4800B9A12E /* Info.plist */ = {isa = PBXFileReference; lastKnownFileType = text.plist.xml; path = Info.plist; sourceTree = "<group>"; };
		9E8DDA5C1D478E4900B9A12E /* Lecture09-SocialDemoTests.xctest */ = {isa = PBXFileReference; explicitFileType = wrapper.cfbundle; includeInIndex = 0; path = "Lecture09-SocialDemoTests.xctest"; sourceTree = BUILT_PRODUCTS_DIR; };
		9E8DDA601D478E4900B9A12E /* Lecture09_SocialDemoTests.swift */ = {isa = PBXFileReference; lastKnownFileType = sourcecode.swift; path = Lecture09_SocialDemoTests.swift; sourceTree = "<group>"; };
		9E8DDA621D478E4900B9A12E /* Info.plist */ = {isa = PBXFileReference; lastKnownFileType = text.plist.xml; path = Info.plist; sourceTree = "<group>"; };
		9E8DDA671D478E4900B9A12E /* Lecture09-SocialDemoUITests.xctest */ = {isa = PBXFileReference; explicitFileType = wrapper.cfbundle; includeInIndex = 0; path = "Lecture09-SocialDemoUITests.xctest"; sourceTree = BUILT_PRODUCTS_DIR; };
		9E8DDA6B1D478E4900B9A12E /* Lecture09_SocialDemoUITests.swift */ = {isa = PBXFileReference; lastKnownFileType = sourcecode.swift; path = Lecture09_SocialDemoUITests.swift; sourceTree = "<group>"; };
		9E8DDA6D1D478E4900B9A12E /* Info.plist */ = {isa = PBXFileReference; lastKnownFileType = text.plist.xml; path = Info.plist; sourceTree = "<group>"; };
		9E8DDA791D478F6900B9A12E /* Accounts.framework */ = {isa = PBXFileReference; lastKnownFileType = wrapper.framework; name = Accounts.framework; path = System/Library/Frameworks/Accounts.framework; sourceTree = SDKROOT; };
		9E8DDA7B1D478F7000B9A12E /* Social.framework */ = {isa = PBXFileReference; lastKnownFileType = wrapper.framework; name = Social.framework; path = System/Library/Frameworks/Social.framework; sourceTree = SDKROOT; };
		9E8DDA7D1D47927E00B9A12E /* StreamViewController.swift */ = {isa = PBXFileReference; fileEncoding = 4; lastKnownFileType = sourcecode.swift; path = StreamViewController.swift; sourceTree = "<group>"; };
		ACFDAFC6F593C4218446AE20 /* Pods_Lecture09_SocialDemoUITests.framework */ = {isa = PBXFileReference; explicitFileType = wrapper.framework; includeInIndex = 0; path = Pods_Lecture09_SocialDemoUITests.framework; sourceTree = BUILT_PRODUCTS_DIR; };
		D3417D80094BABE3D3F3185D /* Pods-Lecture09-SocialDemoUITests.debug.xcconfig */ = {isa = PBXFileReference; includeInIndex = 1; lastKnownFileType = text.xcconfig; name = "Pods-Lecture09-SocialDemoUITests.debug.xcconfig"; path = "Pods/Target Support Files/Pods-Lecture09-SocialDemoUITests/Pods-Lecture09-SocialDemoUITests.debug.xcconfig"; sourceTree = "<group>"; };
		DF45759FD8A2ED753C41403A /* Pods_Lecture09_SocialDemo.framework */ = {isa = PBXFileReference; explicitFileType = wrapper.framework; includeInIndex = 0; path = Pods_Lecture09_SocialDemo.framework; sourceTree = BUILT_PRODUCTS_DIR; };
		E009D231E2323F5C102B1D67 /* Pods_Lecture09_SocialDemoTests.framework */ = {isa = PBXFileReference; explicitFileType = wrapper.framework; includeInIndex = 0; path = Pods_Lecture09_SocialDemoTests.framework; sourceTree = BUILT_PRODUCTS_DIR; };
		E8DEA77156F861375652BA36 /* Pods-Lecture09-SocialDemo.debug.xcconfig */ = {isa = PBXFileReference; includeInIndex = 1; lastKnownFileType = text.xcconfig; name = "Pods-Lecture09-SocialDemo.debug.xcconfig"; path = "Pods/Target Support Files/Pods-Lecture09-SocialDemo/Pods-Lecture09-SocialDemo.debug.xcconfig"; sourceTree = "<group>"; };
		ECF9B232461193A178CC8E69 /* Pods-Lecture09-SocialDemoUITests.release.xcconfig */ = {isa = PBXFileReference; includeInIndex = 1; lastKnownFileType = text.xcconfig; name = "Pods-Lecture09-SocialDemoUITests.release.xcconfig"; path = "Pods/Target Support Files/Pods-Lecture09-SocialDemoUITests/Pods-Lecture09-SocialDemoUITests.release.xcconfig"; sourceTree = "<group>"; };
/* End PBXFileReference section */

/* Begin PBXFrameworksBuildPhase section */
		9E8DDA431D478E4800B9A12E /* Frameworks */ = {
			isa = PBXFrameworksBuildPhase;
			buildActionMask = 2147483647;
			files = (
				9E8DDA7C1D478F7000B9A12E /* Social.framework in Frameworks */,
				9E8DDA7A1D478F6900B9A12E /* Accounts.framework in Frameworks */,
				9141D8696EF10853DE8CBABB /* Pods_Lecture09_SocialDemo.framework in Frameworks */,
			);
			runOnlyForDeploymentPostprocessing = 0;
		};
		9E8DDA591D478E4900B9A12E /* Frameworks */ = {
			isa = PBXFrameworksBuildPhase;
			buildActionMask = 2147483647;
			files = (
				07C18135E255FB4507211CA6 /* Pods_Lecture09_SocialDemoTests.framework in Frameworks */,
			);
			runOnlyForDeploymentPostprocessing = 0;
		};
		9E8DDA641D478E4900B9A12E /* Frameworks */ = {
			isa = PBXFrameworksBuildPhase;
			buildActionMask = 2147483647;
			files = (
				6573B2389372C86A4CFF82A2 /* Pods_Lecture09_SocialDemoUITests.framework in Frameworks */,
			);
			runOnlyForDeploymentPostprocessing = 0;
		};
/* End PBXFrameworksBuildPhase section */

/* Begin PBXGroup section */
		18454353CA053AE12AAC1292 /* Pods */ = {
			isa = PBXGroup;
			children = (
				E8DEA77156F861375652BA36 /* Pods-Lecture09-SocialDemo.debug.xcconfig */,
				14E9516250BC860E7419A6B3 /* Pods-Lecture09-SocialDemo.release.xcconfig */,
				3A0BBD35346D27316288999A /* Pods-Lecture09-SocialDemoTests.debug.xcconfig */,
				3F1E578406142A3528815C96 /* Pods-Lecture09-SocialDemoTests.release.xcconfig */,
				D3417D80094BABE3D3F3185D /* Pods-Lecture09-SocialDemoUITests.debug.xcconfig */,
				ECF9B232461193A178CC8E69 /* Pods-Lecture09-SocialDemoUITests.release.xcconfig */,
			);
			name = Pods;
			sourceTree = "<group>";
		};
		9E8DDA3D1D478E4800B9A12E = {
			isa = PBXGroup;
			children = (
				9E8DDA7B1D478F7000B9A12E /* Social.framework */,
				9E8DDA791D478F6900B9A12E /* Accounts.framework */,
				9E8DDA481D478E4800B9A12E /* Lecture09-SocialDemo */,
				9E8DDA5F1D478E4900B9A12E /* Lecture09-SocialDemoTests */,
				9E8DDA6A1D478E4900B9A12E /* Lecture09-SocialDemoUITests */,
				9E8DDA471D478E4800B9A12E /* Products */,
				18454353CA053AE12AAC1292 /* Pods */,
				B33EF793BBB0CA8172435948 /* Frameworks */,
			);
			sourceTree = "<group>";
		};
		9E8DDA471D478E4800B9A12E /* Products */ = {
			isa = PBXGroup;
			children = (
				9E8DDA461D478E4800B9A12E /* Lecture09-SocialDemo.app */,
				9E8DDA5C1D478E4900B9A12E /* Lecture09-SocialDemoTests.xctest */,
				9E8DDA671D478E4900B9A12E /* Lecture09-SocialDemoUITests.xctest */,
			);
			name = Products;
			sourceTree = "<group>";
		};
		9E8DDA481D478E4800B9A12E /* Lecture09-SocialDemo */ = {
			isa = PBXGroup;
			children = (
				9E8DDA491D478E4800B9A12E /* AppDelegate.swift */,
				9E8DDA4B1D478E4800B9A12E /* MasterViewController.swift */,
				9E8DDA4D1D478E4800B9A12E /* DetailViewController.swift */,
				9E8DDA4F1D478E4800B9A12E /* Main.storyboard */,
				9E8DDA521D478E4800B9A12E /* Assets.xcassets */,
				9E8DDA541D478E4800B9A12E /* LaunchScreen.storyboard */,
				9E8DDA571D478E4800B9A12E /* Info.plist */,
				9E8DDA7D1D47927E00B9A12E /* StreamViewController.swift */,
			);
			path = "Lecture09-SocialDemo";
			sourceTree = "<group>";
		};
		9E8DDA5F1D478E4900B9A12E /* Lecture09-SocialDemoTests */ = {
			isa = PBXGroup;
			children = (
				9E8DDA601D478E4900B9A12E /* Lecture09_SocialDemoTests.swift */,
				9E8DDA621D478E4900B9A12E /* Info.plist */,
			);
			path = "Lecture09-SocialDemoTests";
			sourceTree = "<group>";
		};
		9E8DDA6A1D478E4900B9A12E /* Lecture09-SocialDemoUITests */ = {
			isa = PBXGroup;
			children = (
				9E8DDA6B1D478E4900B9A12E /* Lecture09_SocialDemoUITests.swift */,
				9E8DDA6D1D478E4900B9A12E /* Info.plist */,
			);
			path = "Lecture09-SocialDemoUITests";
			sourceTree = "<group>";
		};
		B33EF793BBB0CA8172435948 /* Frameworks */ = {
			isa = PBXGroup;
			children = (
				DF45759FD8A2ED753C41403A /* Pods_Lecture09_SocialDemo.framework */,
				E009D231E2323F5C102B1D67 /* Pods_Lecture09_SocialDemoTests.framework */,
				ACFDAFC6F593C4218446AE20 /* Pods_Lecture09_SocialDemoUITests.framework */,
			);
			name = Frameworks;
			sourceTree = "<group>";
		};
/* End PBXGroup section */

/* Begin PBXNativeTarget section */
		9E8DDA451D478E4800B9A12E /* Lecture09-SocialDemo */ = {
			isa = PBXNativeTarget;
			buildConfigurationList = 9E8DDA701D478E4900B9A12E /* Build configuration list for PBXNativeTarget "Lecture09-SocialDemo" */;
			buildPhases = (
				F315AB3DDFDD424F285EAFCF /* [CP] Check Pods Manifest.lock */,
				9E8DDA421D478E4800B9A12E /* Sources */,
				9E8DDA431D478E4800B9A12E /* Frameworks */,
				9E8DDA441D478E4800B9A12E /* Resources */,
				55F03CE6BABA2C92BA089C3B /* [CP] Embed Pods Frameworks */,
				0FB126F8D4153C0F11FB66F0 /* [CP] Copy Pods Resources */,
			);
			buildRules = (
			);
			dependencies = (
			);
			name = "Lecture09-SocialDemo";
			productName = "Lecture09-SocialDemo";
			productReference = 9E8DDA461D478E4800B9A12E /* Lecture09-SocialDemo.app */;
			productType = "com.apple.product-type.application";
		};
		9E8DDA5B1D478E4900B9A12E /* Lecture09-SocialDemoTests */ = {
			isa = PBXNativeTarget;
			buildConfigurationList = 9E8DDA731D478E4900B9A12E /* Build configuration list for PBXNativeTarget "Lecture09-SocialDemoTests" */;
			buildPhases = (
				9736F3166F60F8295937FC53 /* [CP] Check Pods Manifest.lock */,
				9E8DDA581D478E4900B9A12E /* Sources */,
				9E8DDA591D478E4900B9A12E /* Frameworks */,
				9E8DDA5A1D478E4900B9A12E /* Resources */,
				A78180ED59029A854AF19E43 /* [CP] Embed Pods Frameworks */,
				CF9879456EECACCD655EDB4A /* [CP] Copy Pods Resources */,
			);
			buildRules = (
			);
			dependencies = (
				9E8DDA5E1D478E4900B9A12E /* PBXTargetDependency */,
			);
			name = "Lecture09-SocialDemoTests";
			productName = "Lecture09-SocialDemoTests";
			productReference = 9E8DDA5C1D478E4900B9A12E /* Lecture09-SocialDemoTests.xctest */;
			productType = "com.apple.product-type.bundle.unit-test";
		};
		9E8DDA661D478E4900B9A12E /* Lecture09-SocialDemoUITests */ = {
			isa = PBXNativeTarget;
			buildConfigurationList = 9E8DDA761D478E4900B9A12E /* Build configuration list for PBXNativeTarget "Lecture09-SocialDemoUITests" */;
			buildPhases = (
				C27AFF646754011FA759B0ED /* [CP] Check Pods Manifest.lock */,
				9E8DDA631D478E4900B9A12E /* Sources */,
				9E8DDA641D478E4900B9A12E /* Frameworks */,
				9E8DDA651D478E4900B9A12E /* Resources */,
				E6C9081932A50F1CA411C15C /* [CP] Copy Pods Resources */,
			);
			buildRules = (
			);
			dependencies = (
				9E8DDA691D478E4900B9A12E /* PBXTargetDependency */,
			);
			name = "Lecture09-SocialDemoUITests";
			productName = "Lecture09-SocialDemoUITests";
			productReference = 9E8DDA671D478E4900B9A12E /* Lecture09-SocialDemoUITests.xctest */;
			productType = "com.apple.product-type.bundle.ui-testing";
		};
/* End PBXNativeTarget section */

/* Begin PBXProject section */
		9E8DDA3E1D478E4800B9A12E /* Project object */ = {
			isa = PBXProject;
			attributes = {
				LastSwiftUpdateCheck = 0730;
				LastUpgradeCheck = 0730;
				ORGANIZATIONNAME = "Jonathan Engelsma";
				TargetAttributes = {
					9E8DDA451D478E4800B9A12E = {
						CreatedOnToolsVersion = 7.3.1;
					};
					9E8DDA5B1D478E4900B9A12E = {
						CreatedOnToolsVersion = 7.3.1;
						TestTargetID = 9E8DDA451D478E4800B9A12E;
					};
					9E8DDA661D478E4900B9A12E = {
						CreatedOnToolsVersion = 7.3.1;
						TestTargetID = 9E8DDA451D478E4800B9A12E;
					};
				};
			};
			buildConfigurationList = 9E8DDA411D478E4800B9A12E /* Build configuration list for PBXProject "Lecture09-SocialDemo" */;
			compatibilityVersion = "Xcode 3.2";
			developmentRegion = English;
			hasScannedForEncodings = 0;
			knownRegions = (
				en,
				Base,
			);
			mainGroup = 9E8DDA3D1D478E4800B9A12E;
			productRefGroup = 9E8DDA471D478E4800B9A12E /* Products */;
			projectDirPath = "";
			projectRoot = "";
			targets = (
				9E8DDA451D478E4800B9A12E /* Lecture09-SocialDemo */,
				9E8DDA5B1D478E4900B9A12E /* Lecture09-SocialDemoTests */,
				9E8DDA661D478E4900B9A12E /* Lecture09-SocialDemoUITests */,
			);
		};
/* End PBXProject section */

/* Begin PBXResourcesBuildPhase section */
		9E8DDA441D478E4800B9A12E /* Resources */ = {
			isa = PBXResourcesBuildPhase;
			buildActionMask = 2147483647;
			files = (
				9E8DDA561D478E4800B9A12E /* LaunchScreen.storyboard in Resources */,
				9E8DDA531D478E4800B9A12E /* Assets.xcassets in Resources */,
				9E8DDA511D478E4800B9A12E /* Main.storyboard in Resources */,
			);
			runOnlyForDeploymentPostprocessing = 0;
		};
		9E8DDA5A1D478E4900B9A12E /* Resources */ = {
			isa = PBXResourcesBuildPhase;
			buildActionMask = 2147483647;
			files = (
			);
			runOnlyForDeploymentPostprocessing = 0;
		};
		9E8DDA651D478E4900B9A12E /* Resources */ = {
			isa = PBXResourcesBuildPhase;
			buildActionMask = 2147483647;
			files = (
			);
			runOnlyForDeploymentPostprocessing = 0;
		};
/* End PBXResourcesBuildPhase section */

/* Begin PBXShellScriptBuildPhase section */
		0FB126F8D4153C0F11FB66F0 /* [CP] Copy Pods Resources */ = {
			isa = PBXShellScriptBuildPhase;
			buildActionMask = 2147483647;
			files = (
			);
			inputPaths = (
			);
			name = "[CP] Copy Pods Resources";
			outputPaths = (
			);
			runOnlyForDeploymentPostprocessing = 0;
			shellPath = /bin/sh;
			shellScript = "\"${SRCROOT}/Pods/Target Support Files/Pods-Lecture09-SocialDemo/Pods-Lecture09-SocialDemo-resources.sh\"\n";
			showEnvVarsInLog = 0;
		};
		55F03CE6BABA2C92BA089C3B /* [CP] Embed Pods Frameworks */ = {
			isa = PBXShellScriptBuildPhase;
			buildActionMask = 2147483647;
			files = (
			);
			inputPaths = (
			);
			name = "[CP] Embed Pods Frameworks";
			outputPaths = (
			);
			runOnlyForDeploymentPostprocessing = 0;
			shellPath = /bin/sh;
			shellScript = "\"${SRCROOT}/Pods/Target Support Files/Pods-Lecture09-SocialDemo/Pods-Lecture09-SocialDemo-frameworks.sh\"\n";
			showEnvVarsInLog = 0;
		};
		9736F3166F60F8295937FC53 /* [CP] Check Pods Manifest.lock */ = {
			isa = PBXShellScriptBuildPhase;
			buildActionMask = 2147483647;
			files = (
			);
			inputPaths = (
			);
			name = "[CP] Check Pods Manifest.lock";
			outputPaths = (
			);
			runOnlyForDeploymentPostprocessing = 0;
			shellPath = /bin/sh;
			shellScript = "diff \"${PODS_ROOT}/../Podfile.lock\" \"${PODS_ROOT}/Manifest.lock\" > /dev/null\nif [[ $? != 0 ]] ; then\n    cat << EOM\nerror: The sandbox is not in sync with the Podfile.lock. Run 'pod install' or update your CocoaPods installation.\nEOM\n    exit 1\nfi\n";
			showEnvVarsInLog = 0;
		};
		A78180ED59029A854AF19E43 /* [CP] Embed Pods Frameworks */ = {
			isa = PBXShellScriptBuildPhase;
			buildActionMask = 2147483647;
			files = (
			);
			inputPaths = (
			);
			name = "[CP] Embed Pods Frameworks";
			outputPaths = (
			);
			runOnlyForDeploymentPostprocessing = 0;
			shellPath = /bin/sh;
			shellScript = "\"${SRCROOT}/Pods/Target Support Files/Pods-Lecture09-SocialDemoTests/Pods-Lecture09-SocialDemoTests-frameworks.sh\"\n";
			showEnvVarsInLog = 0;
		};
		C27AFF646754011FA759B0ED /* [CP] Check Pods Manifest.lock */ = {
			isa = PBXShellScriptBuildPhase;
			buildActionMask = 2147483647;
			files = (
			);
			inputPaths = (
			);
			name = "[CP] Check Pods Manifest.lock";
			outputPaths = (
			);
			runOnlyForDeploymentPostprocessing = 0;
			shellPath = /bin/sh;
			shellScript = "diff \"${PODS_ROOT}/../Podfile.lock\" \"${PODS_ROOT}/Manifest.lock\" > /dev/null\nif [[ $? != 0 ]] ; then\n    cat << EOM\nerror: The sandbox is not in sync with the Podfile.lock. Run 'pod install' or update your CocoaPods installation.\nEOM\n    exit 1\nfi\n";
			showEnvVarsInLog = 0;
		};
		CF9879456EECACCD655EDB4A /* [CP] Copy Pods Resources */ = {
			isa = PBXShellScriptBuildPhase;
			buildActionMask = 2147483647;
			files = (
			);
			inputPaths = (
			);
			name = "[CP] Copy Pods Resources";
			outputPaths = (
			);
			runOnlyForDeploymentPostprocessing = 0;
			shellPath = /bin/sh;
			shellScript = "\"${SRCROOT}/Pods/Target Support Files/Pods-Lecture09-SocialDemoTests/Pods-Lecture09-SocialDemoTests-resources.sh\"\n";
			showEnvVarsInLog = 0;
		};
		E6C9081932A50F1CA411C15C /* [CP] Copy Pods Resources */ = {
			isa = PBXShellScriptBuildPhase;
			buildActionMask = 2147483647;
			files = (
			);
			inputPaths = (
			);
			name = "[CP] Copy Pods Resources";
			outputPaths = (
			);
			runOnlyForDeploymentPostprocessing = 0;
			shellPath = /bin/sh;
			shellScript = "\"${SRCROOT}/Pods/Target Support Files/Pods-Lecture09-SocialDemoUITests/Pods-Lecture09-SocialDemoUITests-resources.sh\"\n";
			showEnvVarsInLog = 0;
		};
		F315AB3DDFDD424F285EAFCF /* [CP] Check Pods Manifest.lock */ = {
			isa = PBXShellScriptBuildPhase;
			buildActionMask = 2147483647;
			files = (
			);
			inputPaths = (
			);
			name = "[CP] Check Pods Manifest.lock";
			outputPaths = (
			);
			runOnlyForDeploymentPostprocessing = 0;
			shellPath = /bin/sh;
			shellScript = "diff \"${PODS_ROOT}/../Podfile.lock\" \"${PODS_ROOT}/Manifest.lock\" > /dev/null\nif [[ $? != 0 ]] ; then\n    cat << EOM\nerror: The sandbox is not in sync with the Podfile.lock. Run 'pod install' or update your CocoaPods installation.\nEOM\n    exit 1\nfi\n";
			showEnvVarsInLog = 0;
		};
/* End PBXShellScriptBuildPhase section */

/* Begin PBXSourcesBuildPhase section */
		9E8DDA421D478E4800B9A12E /* Sources */ = {
			isa = PBXSourcesBuildPhase;
			buildActionMask = 2147483647;
			files = (
				9E8DDA7E1D47927E00B9A12E /* StreamViewController.swift in Sources */,
				9E8DDA4E1D478E4800B9A12E /* DetailViewController.swift in Sources */,
				9E8DDA4C1D478E4800B9A12E /* MasterViewController.swift in Sources */,
				9E8DDA4A1D478E4800B9A12E /* AppDelegate.swift in Sources */,
			);
			runOnlyForDeploymentPostprocessing = 0;
		};
		9E8DDA581D478E4900B9A12E /* Sources */ = {
			isa = PBXSourcesBuildPhase;
			buildActionMask = 2147483647;
			files = (
				9E8DDA611D478E4900B9A12E /* Lecture09_SocialDemoTests.swift in Sources */,
			);
			runOnlyForDeploymentPostprocessing = 0;
		};
		9E8DDA631D478E4900B9A12E /* Sources */ = {
			isa = PBXSourcesBuildPhase;
			buildActionMask = 2147483647;
			files = (
				9E8DDA6C1D478E4900B9A12E /* Lecture09_SocialDemoUITests.swift in Sources */,
			);
			runOnlyForDeploymentPostprocessing = 0;
		};
/* End PBXSourcesBuildPhase section */

/* Begin PBXTargetDependency section */
		9E8DDA5E1D478E4900B9A12E /* PBXTargetDependency */ = {
			isa = PBXTargetDependency;
			target = 9E8DDA451D478E4800B9A12E /* Lecture09-SocialDemo */;
			targetProxy = 9E8DDA5D1D478E4900B9A12E /* PBXContainerItemProxy */;
		};
		9E8DDA691D478E4900B9A12E /* PBXTargetDependency */ = {
			isa = PBXTargetDependency;
			target = 9E8DDA451D478E4800B9A12E /* Lecture09-SocialDemo */;
			targetProxy = 9E8DDA681D478E4900B9A12E /* PBXContainerItemProxy */;
		};
/* End PBXTargetDependency section */

/* Begin PBXVariantGroup section */
		9E8DDA4F1D478E4800B9A12E /* Main.storyboard */ = {
			isa = PBXVariantGroup;
			children = (
				9E8DDA501D478E4800B9A12E /* Base */,
			);
			name = Main.storyboard;
			sourceTree = "<group>";
		};
		9E8DDA541D478E4800B9A12E /* LaunchScreen.storyboard */ = {
			isa = PBXVariantGroup;
			children = (
				9E8DDA551D478E4800B9A12E /* Base */,
			);
			name = LaunchScreen.storyboard;
			sourceTree = "<group>";
		};
/* End PBXVariantGroup section */

/* Begin XCBuildConfiguration section */
		9E8DDA6E1D478E4900B9A12E /* Debug */ = {
			isa = XCBuildConfiguration;
			buildSettings = {
				ALWAYS_SEARCH_USER_PATHS = NO;
				CLANG_ANALYZER_NONNULL = YES;
				CLANG_CXX_LANGUAGE_STANDARD = "gnu++0x";
				CLANG_CXX_LIBRARY = "libc++";
				CLANG_ENABLE_MODULES = YES;
				CLANG_ENABLE_OBJC_ARC = YES;
				CLANG_WARN_BOOL_CONVERSION = YES;
				CLANG_WARN_CONSTANT_CONVERSION = YES;
				CLANG_WARN_DIRECT_OBJC_ISA_USAGE = YES_ERROR;
				CLANG_WARN_EMPTY_BODY = YES;
				CLANG_WARN_ENUM_CONVERSION = YES;
				CLANG_WARN_INT_CONVERSION = YES;
				CLANG_WARN_OBJC_ROOT_CLASS = YES_ERROR;
				CLANG_WARN_UNREACHABLE_CODE = YES;
				CLANG_WARN__DUPLICATE_METHOD_MATCH = YES;
				"CODE_SIGN_IDENTITY[sdk=iphoneos*]" = "iPhone Developer";
				COPY_PHASE_STRIP = NO;
				DEBUG_INFORMATION_FORMAT = dwarf;
				ENABLE_STRICT_OBJC_MSGSEND = YES;
				ENABLE_TESTABILITY = YES;
				GCC_C_LANGUAGE_STANDARD = gnu99;
				GCC_DYNAMIC_NO_PIC = NO;
				GCC_NO_COMMON_BLOCKS = YES;
				GCC_OPTIMIZATION_LEVEL = 0;
				GCC_PREPROCESSOR_DEFINITIONS = (
					"DEBUG=1",
					"$(inherited)",
				);
				GCC_WARN_64_TO_32_BIT_CONVERSION = YES;
				GCC_WARN_ABOUT_RETURN_TYPE = YES_ERROR;
				GCC_WARN_UNDECLARED_SELECTOR = YES;
				GCC_WARN_UNINITIALIZED_AUTOS = YES_AGGRESSIVE;
				GCC_WARN_UNUSED_FUNCTION = YES;
				GCC_WARN_UNUSED_VARIABLE = YES;
				IPHONEOS_DEPLOYMENT_TARGET = 9.3;
				MTL_ENABLE_DEBUG_INFO = YES;
				ONLY_ACTIVE_ARCH = YES;
				SDKROOT = iphoneos;
				SWIFT_OPTIMIZATION_LEVEL = "-Onone";
				TARGETED_DEVICE_FAMILY = "1,2";
			};
			name = Debug;
		};
		9E8DDA6F1D478E4900B9A12E /* Release */ = {
			isa = XCBuildConfiguration;
			buildSettings = {
				ALWAYS_SEARCH_USER_PATHS = NO;
				CLANG_ANALYZER_NONNULL = YES;
				CLANG_CXX_LANGUAGE_STANDARD = "gnu++0x";
				CLANG_CXX_LIBRARY = "libc++";
				CLANG_ENABLE_MODULES = YES;
				CLANG_ENABLE_OBJC_ARC = YES;
				CLANG_WARN_BOOL_CONVERSION = YES;
				CLANG_WARN_CONSTANT_CONVERSION = YES;
				CLANG_WARN_DIRECT_OBJC_ISA_USAGE = YES_ERROR;
				CLANG_WARN_EMPTY_BODY = YES;
				CLANG_WARN_ENUM_CONVERSION = YES;
				CLANG_WARN_INT_CONVERSION = YES;
				CLANG_WARN_OBJC_ROOT_CLASS = YES_ERROR;
				CLANG_WARN_UNREACHABLE_CODE = YES;
				CLANG_WARN__DUPLICATE_METHOD_MATCH = YES;
				"CODE_SIGN_IDENTITY[sdk=iphoneos*]" = "iPhone Developer";
				COPY_PHASE_STRIP = NO;
				DEBUG_INFORMATION_FORMAT = "dwarf-with-dsym";
				ENABLE_NS_ASSERTIONS = NO;
				ENABLE_STRICT_OBJC_MSGSEND = YES;
				GCC_C_LANGUAGE_STANDARD = gnu99;
				GCC_NO_COMMON_BLOCKS = YES;
				GCC_WARN_64_TO_32_BIT_CONVERSION = YES;
				GCC_WARN_ABOUT_RETURN_TYPE = YES_ERROR;
				GCC_WARN_UNDECLARED_SELECTOR = YES;
				GCC_WARN_UNINITIALIZED_AUTOS = YES_AGGRESSIVE;
				GCC_WARN_UNUSED_FUNCTION = YES;
				GCC_WARN_UNUSED_VARIABLE = YES;
				IPHONEOS_DEPLOYMENT_TARGET = 9.3;
				MTL_ENABLE_DEBUG_INFO = NO;
				SDKROOT = iphoneos;
				TARGETED_DEVICE_FAMILY = "1,2";
				VALIDATE_PRODUCT = YES;
			};
			name = Release;
		};
		9E8DDA711D478E4900B9A12E /* Debug */ = {
			isa = XCBuildConfiguration;
			baseConfigurationReference = E8DEA77156F861375652BA36 /* Pods-Lecture09-SocialDemo.debug.xcconfig */;
			buildSettings = {
				ASSETCATALOG_COMPILER_APPICON_NAME = AppIcon;
				INFOPLIST_FILE = "Lecture09-SocialDemo/Info.plist";
				LD_RUNPATH_SEARCH_PATHS = "$(inherited) @executable_path/Frameworks";
				PRODUCT_BUNDLE_IDENTIFIER = "edu.gvsu.cis.cis657.Lecture09-SocialDemo";
				PRODUCT_NAME = "$(TARGET_NAME)";
			};
			name = Debug;
		};
		9E8DDA721D478E4900B9A12E /* Release */ = {
			isa = XCBuildConfiguration;
			baseConfigurationReference = 14E9516250BC860E7419A6B3 /* Pods-Lecture09-SocialDemo.release.xcconfig */;
			buildSettings = {
				ASSETCATALOG_COMPILER_APPICON_NAME = AppIcon;
				INFOPLIST_FILE = "Lecture09-SocialDemo/Info.plist";
				LD_RUNPATH_SEARCH_PATHS = "$(inherited) @executable_path/Frameworks";
				PRODUCT_BUNDLE_IDENTIFIER = "edu.gvsu.cis.cis657.Lecture09-SocialDemo";
				PRODUCT_NAME = "$(TARGET_NAME)";
			};
			name = Release;
		};
		9E8DDA741D478E4900B9A12E /* Debug */ = {
			isa = XCBuildConfiguration;
			baseConfigurationReference = 3A0BBD35346D27316288999A /* Pods-Lecture09-SocialDemoTests.debug.xcconfig */;
			buildSettings = {
				BUNDLE_LOADER = "$(TEST_HOST)";
				INFOPLIST_FILE = "Lecture09-SocialDemoTests/Info.plist";
				LD_RUNPATH_SEARCH_PATHS = "$(inherited) @executable_path/Frameworks @loader_path/Frameworks";
				PRODUCT_BUNDLE_IDENTIFIER = "edu.gvsu.cis.cis657.Lecture09-SocialDemoTests";
				PRODUCT_NAME = "$(TARGET_NAME)";
				TEST_HOST = "$(BUILT_PRODUCTS_DIR)/Lecture09-SocialDemo.app/Lecture09-SocialDemo";
			};
			name = Debug;
		};
		9E8DDA751D478E4900B9A12E /* Release */ = {
			isa = XCBuildConfiguration;
			baseConfigurationReference = 3F1E578406142A3528815C96 /* Pods-Lecture09-SocialDemoTests.release.xcconfig */;
			buildSettings = {
				BUNDLE_LOADER = "$(TEST_HOST)";
				INFOPLIST_FILE = "Lecture09-SocialDemoTests/Info.plist";
				LD_RUNPATH_SEARCH_PATHS = "$(inherited) @executable_path/Frameworks @loader_path/Frameworks";
				PRODUCT_BUNDLE_IDENTIFIER = "edu.gvsu.cis.cis657.Lecture09-SocialDemoTests";
				PRODUCT_NAME = "$(TARGET_NAME)";
				TEST_HOST = "$(BUILT_PRODUCTS_DIR)/Lecture09-SocialDemo.app/Lecture09-SocialDemo";
			};
			name = Release;
		};
		9E8DDA771D478E4900B9A12E /* Debug */ = {
			isa = XCBuildConfiguration;
			baseConfigurationReference = D3417D80094BABE3D3F3185D /* Pods-Lecture09-SocialDemoUITests.debug.xcconfig */;
			buildSettings = {
				INFOPLIST_FILE = "Lecture09-SocialDemoUITests/Info.plist";
				LD_RUNPATH_SEARCH_PATHS = "$(inherited) @executable_path/Frameworks @loader_path/Frameworks";
				PRODUCT_BUNDLE_IDENTIFIER = "edu.gvsu.cis.cis657.Lecture09-SocialDemoUITests";
				PRODUCT_NAME = "$(TARGET_NAME)";
				TEST_TARGET_NAME = "Lecture09-SocialDemo";
			};
			name = Debug;
		};
		9E8DDA781D478E4900B9A12E /* Release */ = {
			isa = XCBuildConfiguration;
			baseConfigurationReference = ECF9B232461193A178CC8E69 /* Pods-Lecture09-SocialDemoUITests.release.xcconfig */;
			buildSettings = {
				INFOPLIST_FILE = "Lecture09-SocialDemoUITests/Info.plist";
				LD_RUNPATH_SEARCH_PATHS = "$(inherited) @executable_path/Frameworks @loader_path/Frameworks";
				PRODUCT_BUNDLE_IDENTIFIER = "edu.gvsu.cis.cis657.Lecture09-SocialDemoUITests";
				PRODUCT_NAME = "$(TARGET_NAME)";
				TEST_TARGET_NAME = "Lecture09-SocialDemo";
			};
			name = Release;
		};
/* End XCBuildConfiguration section */

/* Begin XCConfigurationList section */
		9E8DDA411D478E4800B9A12E /* Build configuration list for PBXProject "Lecture09-SocialDemo" */ = {
			isa = XCConfigurationList;
			buildConfigurations = (
				9E8DDA6E1D478E4900B9A12E /* Debug */,
				9E8DDA6F1D478E4900B9A12E /* Release */,
			);
			defaultConfigurationIsVisible = 0;
			defaultConfigurationName = Release;
		};
		9E8DDA701D478E4900B9A12E /* Build configuration list for PBXNativeTarget "Lecture09-SocialDemo" */ = {
			isa = XCConfigurationList;
			buildConfigurations = (
				9E8DDA711D478E4900B9A12E /* Debug */,
				9E8DDA721D478E4900B9A12E /* Release */,
			);
			defaultConfigurationIsVisible = 0;
			defaultConfigurationName = Release;
		};
		9E8DDA731D478E4900B9A12E /* Build configuration list for PBXNativeTarget "Lecture09-SocialDemoTests" */ = {
			isa = XCConfigurationList;
			buildConfigurations = (
				9E8DDA741D478E4900B9A12E /* Debug */,
				9E8DDA751D478E4900B9A12E /* Release */,
			);
			defaultConfigurationIsVisible = 0;
			defaultConfigurationName = Release;
		};
		9E8DDA761D478E4900B9A12E /* Build configuration list for PBXNativeTarget "Lecture09-SocialDemoUITests" */ = {
			isa = XCConfigurationList;
			buildConfigurations = (
				9E8DDA771D478E4900B9A12E /* Debug */,
				9E8DDA781D478E4900B9A12E /* Release */,
			);
			defaultConfigurationIsVisible = 0;
			defaultConfigurationName = Release;
		};
/* End XCConfigurationList section */
	};
	rootObject = 9E8DDA3E1D478E4800B9A12E /* Project object */;
}
