// !$*UTF8*$!
{
	archiveVersion = 1;
	classes = {
	};
	objectVersion = 46;
	objects = {

/* Begin PBXBuildFile section */
		9ED990471D4122FC0024D330 /* AppDelegate.swift in Sources */ = {isa = PBXBuildFile; fileRef = 9ED990461D4122FC0024D330 /* AppDelegate.swift */; };
		9ED990491D4122FC0024D330 /* ViewController.swift in Sources */ = {isa = PBXBuildFile; fileRef = 9ED990481D4122FC0024D330 /* ViewController.swift */; };
		9ED9904C1D4122FC0024D330 /* Main.storyboard in Resources */ = {isa = PBXBuildFile; fileRef = 9ED9904A1D4122FC0024D330 /* Main.storyboard */; };
		9ED9904E1D4122FC0024D330 /* Assets.xcassets in Resources */ = {isa = PBXBuildFile; fileRef = 9ED9904D1D4122FC0024D330 /* Assets.xcassets */; };
		9ED990511D4122FC0024D330 /* LaunchScreen.storyboard in Resources */ = {isa = PBXBuildFile; fileRef = 9ED9904F1D4122FC0024D330 /* LaunchScreen.storyboard */; };
		9ED9905C1D4122FC0024D330 /* Lecture07_UIStackViewDemoTests.swift in Sources */ = {isa = PBXBuildFile; fileRef = 9ED9905B1D4122FC0024D330 /* Lecture07_UIStackViewDemoTests.swift */; };
		9ED990671D4122FC0024D330 /* Lecture07_UIStackViewDemoUITests.swift in Sources */ = {isa = PBXBuildFile; fileRef = 9ED990661D4122FC0024D330 /* Lecture07_UIStackViewDemoUITests.swift */; };
		9ED990751D41285E0024D330 /* UIImage+Rounded.swift in Sources */ = {isa = PBXBuildFile; fileRef = 9ED990741D41285E0024D330 /* UIImage+Rounded.swift */; };
/* End PBXBuildFile section */

/* Begin PBXContainerItemProxy section */
		9ED990581D4122FC0024D330 /* PBXContainerItemProxy */ = {
			isa = PBXContainerItemProxy;
			containerPortal = 9ED9903B1D4122FC0024D330 /* Project object */;
			proxyType = 1;
			remoteGlobalIDString = 9ED990421D4122FC0024D330;
			remoteInfo = "Lecture07-UIStackViewDemo";
		};
		9ED990631D4122FC0024D330 /* PBXContainerItemProxy */ = {
			isa = PBXContainerItemProxy;
			containerPortal = 9ED9903B1D4122FC0024D330 /* Project object */;
			proxyType = 1;
			remoteGlobalIDString = 9ED990421D4122FC0024D330;
			remoteInfo = "Lecture07-UIStackViewDemo";
		};
/* End PBXContainerItemProxy section */

/* Begin PBXFileReference section */
		9ED990431D4122FC0024D330 /* Lecture07-UIStackViewDemo.app */ = {isa = PBXFileReference; explicitFileType = wrapper.application; includeInIndex = 0; path = "Lecture07-UIStackViewDemo.app"; sourceTree = BUILT_PRODUCTS_DIR; };
		9ED990461D4122FC0024D330 /* AppDelegate.swift */ = {isa = PBXFileReference; lastKnownFileType = sourcecode.swift; path = AppDelegate.swift; sourceTree = "<group>"; };
		9ED990481D4122FC0024D330 /* ViewController.swift */ = {isa = PBXFileReference; lastKnownFileType = sourcecode.swift; path = ViewController.swift; sourceTree = "<group>"; };
		9ED9904B1D4122FC0024D330 /* Base */ = {isa = PBXFileReference; lastKnownFileType = file.storyboard; name = Base; path = Base.lproj/Main.storyboard; sourceTree = "<group>"; };
		9ED9904D1D4122FC0024D330 /* Assets.xcassets */ = {isa = PBXFileReference; lastKnownFileType = folder.assetcatalog; path = Assets.xcassets; sourceTree = "<group>"; };
		9ED990501D4122FC0024D330 /* Base */ = {isa = PBXFileReference; lastKnownFileType = file.storyboard; name = Base; path = Base.lproj/LaunchScreen.storyboard; sourceTree = "<group>"; };
		9ED990521D4122FC0024D330 /* Info.plist */ = {isa = PBXFileReference; lastKnownFileType = text.plist.xml; path = Info.plist; sourceTree = "<group>"; };
		9ED990571D4122FC0024D330 /* Lecture07-UIStackViewDemoTests.xctest */ = {isa = PBXFileReference; explicitFileType = wrapper.cfbundle; includeInIndex = 0; path = "Lecture07-UIStackViewDemoTests.xctest"; sourceTree = BUILT_PRODUCTS_DIR; };
		9ED9905B1D4122FC0024D330 /* Lecture07_UIStackViewDemoTests.swift */ = {isa = PBXFileReference; lastKnownFileType = sourcecode.swift; path = Lecture07_UIStackViewDemoTests.swift; sourceTree = "<group>"; };
		9ED9905D1D4122FC0024D330 /* Info.plist */ = {isa = PBXFileReference; lastKnownFileType = text.plist.xml; path = Info.plist; sourceTree = "<group>"; };
		9ED990621D4122FC0024D330 /* Lecture07-UIStackViewDemoUITests.xctest */ = {isa = PBXFileReference; explicitFileType = wrapper.cfbundle; includeInIndex = 0; path = "Lecture07-UIStackViewDemoUITests.xctest"; sourceTree = BUILT_PRODUCTS_DIR; };
		9ED990661D4122FC0024D330 /* Lecture07_UIStackViewDemoUITests.swift */ = {isa = PBXFileReference; lastKnownFileType = sourcecode.swift; path = Lecture07_UIStackViewDemoUITests.swift; sourceTree = "<group>"; };
		9ED990681D4122FC0024D330 /* Info.plist */ = {isa = PBXFileReference; lastKnownFileType = text.plist.xml; path = Info.plist; sourceTree = "<group>"; };
		9ED990741D41285E0024D330 /* UIImage+Rounded.swift */ = {isa = PBXFileReference; fileEncoding = 4; lastKnownFileType = sourcecode.swift; path = "UIImage+Rounded.swift"; sourceTree = "<group>"; };
/* End PBXFileReference section */

/* Begin PBXFrameworksBuildPhase section */
		9ED990401D4122FC0024D330 /* Frameworks */ = {
			isa = PBXFrameworksBuildPhase;
			buildActionMask = 2147483647;
			files = (
			);
			runOnlyForDeploymentPostprocessing = 0;
		};
		9ED990541D4122FC0024D330 /* Frameworks */ = {
			isa = PBXFrameworksBuildPhase;
			buildActionMask = 2147483647;
			files = (
			);
			runOnlyForDeploymentPostprocessing = 0;
		};
		9ED9905F1D4122FC0024D330 /* Frameworks */ = {
			isa = PBXFrameworksBuildPhase;
			buildActionMask = 2147483647;
			files = (
			);
			runOnlyForDeploymentPostprocessing = 0;
		};
/* End PBXFrameworksBuildPhase section */

/* Begin PBXGroup section */
		9ED9903A1D4122FC0024D330 = {
			isa = PBXGroup;
			children = (
				9ED990451D4122FC0024D330 /* Lecture07-UIStackViewDemo */,
				9ED9905A1D4122FC0024D330 /* Lecture07-UIStackViewDemoTests */,
				9ED990651D4122FC0024D330 /* Lecture07-UIStackViewDemoUITests */,
				9ED990441D4122FC0024D330 /* Products */,
			);
			sourceTree = "<group>";
		};
		9ED990441D4122FC0024D330 /* Products */ = {
			isa = PBXGroup;
			children = (
				9ED990431D4122FC0024D330 /* Lecture07-UIStackViewDemo.app */,
				9ED990571D4122FC0024D330 /* Lecture07-UIStackViewDemoTests.xctest */,
				9ED990621D4122FC0024D330 /* Lecture07-UIStackViewDemoUITests.xctest */,
			);
			name = Products;
			sourceTree = "<group>";
		};
		9ED990451D4122FC0024D330 /* Lecture07-UIStackViewDemo */ = {
			isa = PBXGroup;
			children = (
				9ED990461D4122FC0024D330 /* AppDelegate.swift */,
				9ED990481D4122FC0024D330 /* ViewController.swift */,
				9ED990741D41285E0024D330 /* UIImage+Rounded.swift */,
				9ED9904A1D4122FC0024D330 /* Main.storyboard */,
				9ED9904D1D4122FC0024D330 /* Assets.xcassets */,
				9ED9904F1D4122FC0024D330 /* LaunchScreen.storyboard */,
				9ED990521D4122FC0024D330 /* Info.plist */,
			);
			path = "Lecture07-UIStackViewDemo";
			sourceTree = "<group>";
		};
		9ED9905A1D4122FC0024D330 /* Lecture07-UIStackViewDemoTests */ = {
			isa = PBXGroup;
			children = (
				9ED9905B1D4122FC0024D330 /* Lecture07_UIStackViewDemoTests.swift */,
				9ED9905D1D4122FC0024D330 /* Info.plist */,
			);
			path = "Lecture07-UIStackViewDemoTests";
			sourceTree = "<group>";
		};
		9ED990651D4122FC0024D330 /* Lecture07-UIStackViewDemoUITests */ = {
			isa = PBXGroup;
			children = (
				9ED990661D4122FC0024D330 /* Lecture07_UIStackViewDemoUITests.swift */,
				9ED990681D4122FC0024D330 /* Info.plist */,
			);
			path = "Lecture07-UIStackViewDemoUITests";
			sourceTree = "<group>";
		};
/* End PBXGroup section */

/* Begin PBXNativeTarget section */
		9ED990421D4122FC0024D330 /* Lecture07-UIStackViewDemo */ = {
			isa = PBXNativeTarget;
			buildConfigurationList = 9ED9906B1D4122FC0024D330 /* Build configuration list for PBXNativeTarget "Lecture07-UIStackViewDemo" */;
			buildPhases = (
				9ED9903F1D4122FC0024D330 /* Sources */,
				9ED990401D4122FC0024D330 /* Frameworks */,
				9ED990411D4122FC0024D330 /* Resources */,
			);
			buildRules = (
			);
			dependencies = (
			);
			name = "Lecture07-UIStackViewDemo";
			productName = "Lecture07-UIStackViewDemo";
			productReference = 9ED990431D4122FC0024D330 /* Lecture07-UIStackViewDemo.app */;
			productType = "com.apple.product-type.application";
		};
		9ED990561D4122FC0024D330 /* Lecture07-UIStackViewDemoTests */ = {
			isa = PBXNativeTarget;
			buildConfigurationList = 9ED9906E1D4122FC0024D330 /* Build configuration list for PBXNativeTarget "Lecture07-UIStackViewDemoTests" */;
			buildPhases = (
				9ED990531D4122FC0024D330 /* Sources */,
				9ED990541D4122FC0024D330 /* Frameworks */,
				9ED990551D4122FC0024D330 /* Resources */,
			);
			buildRules = (
			);
			dependencies = (
				9ED990591D4122FC0024D330 /* PBXTargetDependency */,
			);
			name = "Lecture07-UIStackViewDemoTests";
			productName = "Lecture07-UIStackViewDemoTests";
			productReference = 9ED990571D4122FC0024D330 /* Lecture07-UIStackViewDemoTests.xctest */;
			productType = "com.apple.product-type.bundle.unit-test";
		};
		9ED990611D4122FC0024D330 /* Lecture07-UIStackViewDemoUITests */ = {
			isa = PBXNativeTarget;
			buildConfigurationList = 9ED990711D4122FC0024D330 /* Build configuration list for PBXNativeTarget "Lecture07-UIStackViewDemoUITests" */;
			buildPhases = (
				9ED9905E1D4122FC0024D330 /* Sources */,
				9ED9905F1D4122FC0024D330 /* Frameworks */,
				9ED990601D4122FC0024D330 /* Resources */,
			);
			buildRules = (
			);
			dependencies = (
				9ED990641D4122FC0024D330 /* PBXTargetDependency */,
			);
			name = "Lecture07-UIStackViewDemoUITests";
			productName = "Lecture07-UIStackViewDemoUITests";
			productReference = 9ED990621D4122FC0024D330 /* Lecture07-UIStackViewDemoUITests.xctest */;
			productType = "com.apple.product-type.bundle.ui-testing";
		};
/* End PBXNativeTarget section */

/* Begin PBXProject section */
		9ED9903B1D4122FC0024D330 /* Project object */ = {
			isa = PBXProject;
			attributes = {
				LastSwiftUpdateCheck = 0730;
				LastUpgradeCheck = 0730;
				ORGANIZATIONNAME = "Jonathan Engelsma";
				TargetAttributes = {
					9ED990421D4122FC0024D330 = {
						CreatedOnToolsVersion = 7.3.1;
					};
					9ED990561D4122FC0024D330 = {
						CreatedOnToolsVersion = 7.3.1;
						TestTargetID = 9ED990421D4122FC0024D330;
					};
					9ED990611D4122FC0024D330 = {
						CreatedOnToolsVersion = 7.3.1;
						TestTargetID = 9ED990421D4122FC0024D330;
					};
				};
			};
			buildConfigurationList = 9ED9903E1D4122FC0024D330 /* Build configuration list for PBXProject "Lecture07-UIStackViewDemo" */;
			compatibilityVersion = "Xcode 3.2";
			developmentRegion = English;
			hasScannedForEncodings = 0;
			knownRegions = (
				en,
				Base,
			);
			mainGroup = 9ED9903A1D4122FC0024D330;
			productRefGroup = 9ED990441D4122FC0024D330 /* Products */;
			projectDirPath = "";
			projectRoot = "";
			targets = (
				9ED990421D4122FC0024D330 /* Lecture07-UIStackViewDemo */,
				9ED990561D4122FC0024D330 /* Lecture07-UIStackViewDemoTests */,
				9ED990611D4122FC0024D330 /* Lecture07-UIStackViewDemoUITests */,
			);
		};
/* End PBXProject section */

/* Begin PBXResourcesBuildPhase section */
		9ED990411D4122FC0024D330 /* Resources */ = {
			isa = PBXResourcesBuildPhase;
			buildActionMask = 2147483647;
			files = (
				9ED990511D4122FC0024D330 /* LaunchScreen.storyboard in Resources */,
				9ED9904E1D4122FC0024D330 /* Assets.xcassets in Resources */,
				9ED9904C1D4122FC0024D330 /* Main.storyboard in Resources */,
			);
			runOnlyForDeploymentPostprocessing = 0;
		};
		9ED990551D4122FC0024D330 /* Resources */ = {
			isa = PBXResourcesBuildPhase;
			buildActionMask = 2147483647;
			files = (
			);
			runOnlyForDeploymentPostprocessing = 0;
		};
		9ED990601D4122FC0024D330 /* Resources */ = {
			isa = PBXResourcesBuildPhase;
			buildActionMask = 2147483647;
			files = (
			);
			runOnlyForDeploymentPostprocessing = 0;
		};
/* End PBXResourcesBuildPhase section */

/* Begin PBXSourcesBuildPhase section */
		9ED9903F1D4122FC0024D330 /* Sources */ = {
			isa = PBXSourcesBuildPhase;
			buildActionMask = 2147483647;
			files = (
				9ED990491D4122FC0024D330 /* ViewController.swift in Sources */,
				9ED990471D4122FC0024D330 /* AppDelegate.swift in Sources */,
				9ED990751D41285E0024D330 /* UIImage+Rounded.swift in Sources */,
			);
			runOnlyForDeploymentPostprocessing = 0;
		};
		9ED990531D4122FC0024D330 /* Sources */ = {
			isa = PBXSourcesBuildPhase;
			buildActionMask = 2147483647;
			files = (
				9ED9905C1D4122FC0024D330 /* Lecture07_UIStackViewDemoTests.swift in Sources */,
			);
			runOnlyForDeploymentPostprocessing = 0;
		};
		9ED9905E1D4122FC0024D330 /* Sources */ = {
			isa = PBXSourcesBuildPhase;
			buildActionMask = 2147483647;
			files = (
				9ED990671D4122FC0024D330 /* Lecture07_UIStackViewDemoUITests.swift in Sources */,
			);
			runOnlyForDeploymentPostprocessing = 0;
		};
/* End PBXSourcesBuildPhase section */

/* Begin PBXTargetDependency section */
		9ED990591D4122FC0024D330 /* PBXTargetDependency */ = {
			isa = PBXTargetDependency;
			target = 9ED990421D4122FC0024D330 /* Lecture07-UIStackViewDemo */;
			targetProxy = 9ED990581D4122FC0024D330 /* PBXContainerItemProxy */;
		};
		9ED990641D4122FC0024D330 /* PBXTargetDependency */ = {
			isa = PBXTargetDependency;
			target = 9ED990421D4122FC0024D330 /* Lecture07-UIStackViewDemo */;
			targetProxy = 9ED990631D4122FC0024D330 /* PBXContainerItemProxy */;
		};
/* End PBXTargetDependency section */

/* Begin PBXVariantGroup section */
		9ED9904A1D4122FC0024D330 /* Main.storyboard */ = {
			isa = PBXVariantGroup;
			children = (
				9ED9904B1D4122FC0024D330 /* Base */,
			);
			name = Main.storyboard;
			sourceTree = "<group>";
		};
		9ED9904F1D4122FC0024D330 /* LaunchScreen.storyboard */ = {
			isa = PBXVariantGroup;
			children = (
				9ED990501D4122FC0024D330 /* Base */,
			);
			name = LaunchScreen.storyboard;
			sourceTree = "<group>";
		};
/* End PBXVariantGroup section */

/* Begin XCBuildConfiguration section */
		9ED990691D4122FC0024D330 /* Debug */ = {
			isa = XCBuildConfiguration;
			buildSettings = {
				ALWAYS_SEARCH_USER_PATHS = NO;
				CLANG_ANALYZER_NONNULL = YES;
				CLANG_CXX_LANGUAGE_STANDARD = "gnu++0x";
				CLANG_CXX_LIBRARY = "libc++";
				CLANG_ENABLE_MODULES = YES;
				CLANG_ENABLE_OBJC_ARC = YES;
				CLANG_WARN_BOOL_CONVERSION = YES;
				CLANG_WARN_CONSTANT_CONVERSION = YES;
				CLANG_WARN_DIRECT_OBJC_ISA_USAGE = YES_ERROR;
				CLANG_WARN_EMPTY_BODY = YES;
				CLANG_WARN_ENUM_CONVERSION = YES;
				CLANG_WARN_INT_CONVERSION = YES;
				CLANG_WARN_OBJC_ROOT_CLASS = YES_ERROR;
				CLANG_WARN_UNREACHABLE_CODE = YES;
				CLANG_WARN__DUPLICATE_METHOD_MATCH = YES;
				"CODE_SIGN_IDENTITY[sdk=iphoneos*]" = "iPhone Developer";
				COPY_PHASE_STRIP = NO;
				DEBUG_INFORMATION_FORMAT = dwarf;
				ENABLE_STRICT_OBJC_MSGSEND = YES;
				ENABLE_TESTABILITY = YES;
				GCC_C_LANGUAGE_STANDARD = gnu99;
				GCC_DYNAMIC_NO_PIC = NO;
				GCC_NO_COMMON_BLOCKS = YES;
				GCC_OPTIMIZATION_LEVEL = 0;
				GCC_PREPROCESSOR_DEFINITIONS = (
					"DEBUG=1",
					"$(inherited)",
				);
				GCC_WARN_64_TO_32_BIT_CONVERSION = YES;
				GCC_WARN_ABOUT_RETURN_TYPE = YES_ERROR;
				GCC_WARN_UNDECLARED_SELECTOR = YES;
				GCC_WARN_UNINITIALIZED_AUTOS = YES_AGGRESSIVE;
				GCC_WARN_UNUSED_FUNCTION = YES;
				GCC_WARN_UNUSED_VARIABLE = YES;
				IPHONEOS_DEPLOYMENT_TARGET = 9.3;
				MTL_ENABLE_DEBUG_INFO = YES;
				ONLY_ACTIVE_ARCH = YES;
				SDKROOT = iphoneos;
				SWIFT_OPTIMIZATION_LEVEL = "-Onone";
				TARGETED_DEVICE_FAMILY = "1,2";
			};
			name = Debug;
		};
		9ED9906A1D4122FC0024D330 /* Release */ = {
			isa = XCBuildConfiguration;
			buildSettings = {
				ALWAYS_SEARCH_USER_PATHS = NO;
				CLANG_ANALYZER_NONNULL = YES;
				CLANG_CXX_LANGUAGE_STANDARD = "gnu++0x";
				CLANG_CXX_LIBRARY = "libc++";
				CLANG_ENABLE_MODULES = YES;
				CLANG_ENABLE_OBJC_ARC = YES;
				CLANG_WARN_BOOL_CONVERSION = YES;
				CLANG_WARN_CONSTANT_CONVERSION = YES;
				CLANG_WARN_DIRECT_OBJC_ISA_USAGE = YES_ERROR;
				CLANG_WARN_EMPTY_BODY = YES;
				CLANG_WARN_ENUM_CONVERSION = YES;
				CLANG_WARN_INT_CONVERSION = YES;
				CLANG_WARN_OBJC_ROOT_CLASS = YES_ERROR;
				CLANG_WARN_UNREACHABLE_CODE = YES;
				CLANG_WARN__DUPLICATE_METHOD_MATCH = YES;
				"CODE_SIGN_IDENTITY[sdk=iphoneos*]" = "iPhone Developer";
				COPY_PHASE_STRIP = NO;
				DEBUG_INFORMATION_FORMAT = "dwarf-with-dsym";
				ENABLE_NS_ASSERTIONS = NO;
				ENABLE_STRICT_OBJC_MSGSEND = YES;
				GCC_C_LANGUAGE_STANDARD = gnu99;
				GCC_NO_COMMON_BLOCKS = YES;
				GCC_WARN_64_TO_32_BIT_CONVERSION = YES;
				GCC_WARN_ABOUT_RETURN_TYPE = YES_ERROR;
				GCC_WARN_UNDECLARED_SELECTOR = YES;
				GCC_WARN_UNINITIALIZED_AUTOS = YES_AGGRESSIVE;
				GCC_WARN_UNUSED_FUNCTION = YES;
				GCC_WARN_UNUSED_VARIABLE = YES;
				IPHONEOS_DEPLOYMENT_TARGET = 9.3;
				MTL_ENABLE_DEBUG_INFO = NO;
				SDKROOT = iphoneos;
				TARGETED_DEVICE_FAMILY = "1,2";
				VALIDATE_PRODUCT = YES;
			};
			name = Release;
		};
		9ED9906C1D4122FC0024D330 /* Debug */ = {
			isa = XCBuildConfiguration;
			buildSettings = {
				ASSETCATALOG_COMPILER_APPICON_NAME = AppIcon;
				INFOPLIST_FILE = "Lecture07-UIStackViewDemo/Info.plist";
				LD_RUNPATH_SEARCH_PATHS = "$(inherited) @executable_path/Frameworks";
				PRODUCT_BUNDLE_IDENTIFIER = "edu.gvsu.cis.cis657.Lecture07-UIStackViewDemo";
				PRODUCT_NAME = "$(TARGET_NAME)";
			};
			name = Debug;
		};
		9ED9906D1D4122FC0024D330 /* Release */ = {
			isa = XCBuildConfiguration;
			buildSettings = {
				ASSETCATALOG_COMPILER_APPICON_NAME = AppIcon;
				INFOPLIST_FILE = "Lecture07-UIStackViewDemo/Info.plist";
				LD_RUNPATH_SEARCH_PATHS = "$(inherited) @executable_path/Frameworks";
				PRODUCT_BUNDLE_IDENTIFIER = "edu.gvsu.cis.cis657.Lecture07-UIStackViewDemo";
				PRODUCT_NAME = "$(TARGET_NAME)";
			};
			name = Release;
		};
		9ED9906F1D4122FC0024D330 /* Debug */ = {
			isa = XCBuildConfiguration;
			buildSettings = {
				BUNDLE_LOADER = "$(TEST_HOST)";
				INFOPLIST_FILE = "Lecture07-UIStackViewDemoTests/Info.plist";
				LD_RUNPATH_SEARCH_PATHS = "$(inherited) @executable_path/Frameworks @loader_path/Frameworks";
				PRODUCT_BUNDLE_IDENTIFIER = "edu.gvsu.cis.cis657.Lecture07-UIStackViewDemoTests";
				PRODUCT_NAME = "$(TARGET_NAME)";
				TEST_HOST = "$(BUILT_PRODUCTS_DIR)/Lecture07-UIStackViewDemo.app/Lecture07-UIStackViewDemo";
			};
			name = Debug;
		};
		9ED990701D4122FC0024D330 /* Release */ = {
			isa = XCBuildConfiguration;
			buildSettings = {
				BUNDLE_LOADER = "$(TEST_HOST)";
				INFOPLIST_FILE = "Lecture07-UIStackViewDemoTests/Info.plist";
				LD_RUNPATH_SEARCH_PATHS = "$(inherited) @executable_path/Frameworks @loader_path/Frameworks";
				PRODUCT_BUNDLE_IDENTIFIER = "edu.gvsu.cis.cis657.Lecture07-UIStackViewDemoTests";
				PRODUCT_NAME = "$(TARGET_NAME)";
				TEST_HOST = "$(BUILT_PRODUCTS_DIR)/Lecture07-UIStackViewDemo.app/Lecture07-UIStackViewDemo";
			};
			name = Release;
		};
		9ED990721D4122FC0024D330 /* Debug */ = {
			isa = XCBuildConfiguration;
			buildSettings = {
				INFOPLIST_FILE = "Lecture07-UIStackViewDemoUITests/Info.plist";
				LD_RUNPATH_SEARCH_PATHS = "$(inherited) @executable_path/Frameworks @loader_path/Frameworks";
				PRODUCT_BUNDLE_IDENTIFIER = "edu.gvsu.cis.cis657.Lecture07-UIStackViewDemoUITests";
				PRODUCT_NAME = "$(TARGET_NAME)";
				TEST_TARGET_NAME = "Lecture07-UIStackViewDemo";
			};
			name = Debug;
		};
		9ED990731D4122FC0024D330 /* Release */ = {
			isa = XCBuildConfiguration;
			buildSettings = {
				INFOPLIST_FILE = "Lecture07-UIStackViewDemoUITests/Info.plist";
				LD_RUNPATH_SEARCH_PATHS = "$(inherited) @executable_path/Frameworks @loader_path/Frameworks";
				PRODUCT_BUNDLE_IDENTIFIER = "edu.gvsu.cis.cis657.Lecture07-UIStackViewDemoUITests";
				PRODUCT_NAME = "$(TARGET_NAME)";
				TEST_TARGET_NAME = "Lecture07-UIStackViewDemo";
			};
			name = Release;
		};
/* End XCBuildConfiguration section */

/* Begin XCConfigurationList section */
		9ED9903E1D4122FC0024D330 /* Build configuration list for PBXProject "Lecture07-UIStackViewDemo" */ = {
			isa = XCConfigurationList;
			buildConfigurations = (
				9ED990691D4122FC0024D330 /* Debug */,
				9ED9906A1D4122FC0024D330 /* Release */,
			);
			defaultConfigurationIsVisible = 0;
			defaultConfigurationName = Release;
		};
		9ED9906B1D4122FC0024D330 /* Build configuration list for PBXNativeTarget "Lecture07-UIStackViewDemo" */ = {
			isa = XCConfigurationList;
			buildConfigurations = (
				9ED9906C1D4122FC0024D330 /* Debug */,
				9ED9906D1D4122FC0024D330 /* Release */,
			);
			defaultConfigurationIsVisible = 0;
		};
		9ED9906E1D4122FC0024D330 /* Build configuration list for PBXNativeTarget "Lecture07-UIStackViewDemoTests" */ = {
			isa = XCConfigurationList;
			buildConfigurations = (
				9ED9906F1D4122FC0024D330 /* Debug */,
				9ED990701D4122FC0024D330 /* Release */,
			);
			defaultConfigurationIsVisible = 0;
		};
		9ED990711D4122FC0024D330 /* Build configuration list for PBXNativeTarget "Lecture07-UIStackViewDemoUITests" */ = {
			isa = XCConfigurationList;
			buildConfigurations = (
				9ED990721D4122FC0024D330 /* Debug */,
				9ED990731D4122FC0024D330 /* Release */,
			);
			defaultConfigurationIsVisible = 0;
		};
/* End XCConfigurationList section */
	};
	rootObject = 9ED9903B1D4122FC0024D330 /* Project object */;
}
