// !$*UTF8*$!
{
	archiveVersion = 1;
	classes = {
	};
	objectVersion = 46;
	objects = {

/* Begin PBXBuildFile section */
		9EADFACC1D400F2D00B5C7D6 /* AppDelegate.swift in Sources */ = {isa = PBXBuildFile; fileRef = 9EADFACB1D400F2D00B5C7D6 /* AppDelegate.swift */; };
		9EADFACE1D400F2D00B5C7D6 /* ViewController.swift in Sources */ = {isa = PBXBuildFile; fileRef = 9EADFACD1D400F2D00B5C7D6 /* ViewController.swift */; };
		9EADFAD11D400F2D00B5C7D6 /* Main.storyboard in Resources */ = {isa = PBXBuildFile; fileRef = 9EADFACF1D400F2D00B5C7D6 /* Main.storyboard */; };
		9EADFAD31D400F2D00B5C7D6 /* Assets.xcassets in Resources */ = {isa = PBXBuildFile; fileRef = 9EADFAD21D400F2D00B5C7D6 /* Assets.xcassets */; };
		9EADFAD61D400F2D00B5C7D6 /* LaunchScreen.storyboard in Resources */ = {isa = PBXBuildFile; fileRef = 9EADFAD41D400F2D00B5C7D6 /* LaunchScreen.storyboard */; };
		9EADFAE11D400F2D00B5C7D6 /* Lecture07_AttributedStringDemoTests.swift in Sources */ = {isa = PBXBuildFile; fileRef = 9EADFAE01D400F2D00B5C7D6 /* Lecture07_AttributedStringDemoTests.swift */; };
		9EADFAEC1D400F2D00B5C7D6 /* Lecture07_AttributedStringDemoUITests.swift in Sources */ = {isa = PBXBuildFile; fileRef = 9EADFAEB1D400F2D00B5C7D6 /* Lecture07_AttributedStringDemoUITests.swift */; };
/* End PBXBuildFile section */

/* Begin PBXContainerItemProxy section */
		9EADFADD1D400F2D00B5C7D6 /* PBXContainerItemProxy */ = {
			isa = PBXContainerItemProxy;
			containerPortal = 9EADFAC01D400F2D00B5C7D6 /* Project object */;
			proxyType = 1;
			remoteGlobalIDString = 9EADFAC71D400F2D00B5C7D6;
			remoteInfo = "Lecture07-AttributedStringDemo";
		};
		9EADFAE81D400F2D00B5C7D6 /* PBXContainerItemProxy */ = {
			isa = PBXContainerItemProxy;
			containerPortal = 9EADFAC01D400F2D00B5C7D6 /* Project object */;
			proxyType = 1;
			remoteGlobalIDString = 9EADFAC71D400F2D00B5C7D6;
			remoteInfo = "Lecture07-AttributedStringDemo";
		};
/* End PBXContainerItemProxy section */

/* Begin PBXFileReference section */
		9EADFAC81D400F2D00B5C7D6 /* Lecture07-AttributedStringDemo.app */ = {isa = PBXFileReference; explicitFileType = wrapper.application; includeInIndex = 0; path = "Lecture07-AttributedStringDemo.app"; sourceTree = BUILT_PRODUCTS_DIR; };
		9EADFACB1D400F2D00B5C7D6 /* AppDelegate.swift */ = {isa = PBXFileReference; lastKnownFileType = sourcecode.swift; path = AppDelegate.swift; sourceTree = "<group>"; };
		9EADFACD1D400F2D00B5C7D6 /* ViewController.swift */ = {isa = PBXFileReference; lastKnownFileType = sourcecode.swift; path = ViewController.swift; sourceTree = "<group>"; };
		9EADFAD01D400F2D00B5C7D6 /* Base */ = {isa = PBXFileReference; lastKnownFileType = file.storyboard; name = Base; path = Base.lproj/Main.storyboard; sourceTree = "<group>"; };
		9EADFAD21D400F2D00B5C7D6 /* Assets.xcassets */ = {isa = PBXFileReference; lastKnownFileType = folder.assetcatalog; path = Assets.xcassets; sourceTree = "<group>"; };
		9EADFAD51D400F2D00B5C7D6 /* Base */ = {isa = PBXFileReference; lastKnownFileType = file.storyboard; name = Base; path = Base.lproj/LaunchScreen.storyboard; sourceTree = "<group>"; };
		9EADFAD71D400F2D00B5C7D6 /* Info.plist */ = {isa = PBXFileReference; lastKnownFileType = text.plist.xml; path = Info.plist; sourceTree = "<group>"; };
		9EADFADC1D400F2D00B5C7D6 /* Lecture07-AttributedStringDemoTests.xctest */ = {isa = PBXFileReference; explicitFileType = wrapper.cfbundle; includeInIndex = 0; path = "Lecture07-AttributedStringDemoTests.xctest"; sourceTree = BUILT_PRODUCTS_DIR; };
		9EADFAE01D400F2D00B5C7D6 /* Lecture07_AttributedStringDemoTests.swift */ = {isa = PBXFileReference; lastKnownFileType = sourcecode.swift; path = Lecture07_AttributedStringDemoTests.swift; sourceTree = "<group>"; };
		9EADFAE21D400F2D00B5C7D6 /* Info.plist */ = {isa = PBXFileReference; lastKnownFileType = text.plist.xml; path = Info.plist; sourceTree = "<group>"; };
		9EADFAE71D400F2D00B5C7D6 /* Lecture07-AttributedStringDemoUITests.xctest */ = {isa = PBXFileReference; explicitFileType = wrapper.cfbundle; includeInIndex = 0; path = "Lecture07-AttributedStringDemoUITests.xctest"; sourceTree = BUILT_PRODUCTS_DIR; };
		9EADFAEB1D400F2D00B5C7D6 /* Lecture07_AttributedStringDemoUITests.swift */ = {isa = PBXFileReference; lastKnownFileType = sourcecode.swift; path = Lecture07_AttributedStringDemoUITests.swift; sourceTree = "<group>"; };
		9EADFAED1D400F2D00B5C7D6 /* Info.plist */ = {isa = PBXFileReference; lastKnownFileType = text.plist.xml; path = Info.plist; sourceTree = "<group>"; };
/* End PBXFileReference section */

/* Begin PBXFrameworksBuildPhase section */
		9EADFAC51D400F2D00B5C7D6 /* Frameworks */ = {
			isa = PBXFrameworksBuildPhase;
			buildActionMask = 2147483647;
			files = (
			);
			runOnlyForDeploymentPostprocessing = 0;
		};
		9EADFAD91D400F2D00B5C7D6 /* Frameworks */ = {
			isa = PBXFrameworksBuildPhase;
			buildActionMask = 2147483647;
			files = (
			);
			runOnlyForDeploymentPostprocessing = 0;
		};
		9EADFAE41D400F2D00B5C7D6 /* Frameworks */ = {
			isa = PBXFrameworksBuildPhase;
			buildActionMask = 2147483647;
			files = (
			);
			runOnlyForDeploymentPostprocessing = 0;
		};
/* End PBXFrameworksBuildPhase section */

/* Begin PBXGroup section */
		9EADFABF1D400F2D00B5C7D6 = {
			isa = PBXGroup;
			children = (
				9EADFACA1D400F2D00B5C7D6 /* Lecture07-AttributedStringDemo */,
				9EADFADF1D400F2D00B5C7D6 /* Lecture07-AttributedStringDemoTests */,
				9EADFAEA1D400F2D00B5C7D6 /* Lecture07-AttributedStringDemoUITests */,
				9EADFAC91D400F2D00B5C7D6 /* Products */,
			);
			sourceTree = "<group>";
		};
		9EADFAC91D400F2D00B5C7D6 /* Products */ = {
			isa = PBXGroup;
			children = (
				9EADFAC81D400F2D00B5C7D6 /* Lecture07-AttributedStringDemo.app */,
				9EADFADC1D400F2D00B5C7D6 /* Lecture07-AttributedStringDemoTests.xctest */,
				9EADFAE71D400F2D00B5C7D6 /* Lecture07-AttributedStringDemoUITests.xctest */,
			);
			name = Products;
			sourceTree = "<group>";
		};
		9EADFACA1D400F2D00B5C7D6 /* Lecture07-AttributedStringDemo */ = {
			isa = PBXGroup;
			children = (
				9EADFACB1D400F2D00B5C7D6 /* AppDelegate.swift */,
				9EADFACD1D400F2D00B5C7D6 /* ViewController.swift */,
				9EADFACF1D400F2D00B5C7D6 /* Main.storyboard */,
				9EADFAD21D400F2D00B5C7D6 /* Assets.xcassets */,
				9EADFAD41D400F2D00B5C7D6 /* LaunchScreen.storyboard */,
				9EADFAD71D400F2D00B5C7D6 /* Info.plist */,
			);
			path = "Lecture07-AttributedStringDemo";
			sourceTree = "<group>";
		};
		9EADFADF1D400F2D00B5C7D6 /* Lecture07-AttributedStringDemoTests */ = {
			isa = PBXGroup;
			children = (
				9EADFAE01D400F2D00B5C7D6 /* Lecture07_AttributedStringDemoTests.swift */,
				9EADFAE21D400F2D00B5C7D6 /* Info.plist */,
			);
			path = "Lecture07-AttributedStringDemoTests";
			sourceTree = "<group>";
		};
		9EADFAEA1D400F2D00B5C7D6 /* Lecture07-AttributedStringDemoUITests */ = {
			isa = PBXGroup;
			children = (
				9EADFAEB1D400F2D00B5C7D6 /* Lecture07_AttributedStringDemoUITests.swift */,
				9EADFAED1D400F2D00B5C7D6 /* Info.plist */,
			);
			path = "Lecture07-AttributedStringDemoUITests";
			sourceTree = "<group>";
		};
/* End PBXGroup section */

/* Begin PBXNativeTarget section */
		9EADFAC71D400F2D00B5C7D6 /* Lecture07-AttributedStringDemo */ = {
			isa = PBXNativeTarget;
			buildConfigurationList = 9EADFAF01D400F2D00B5C7D6 /* Build configuration list for PBXNativeTarget "Lecture07-AttributedStringDemo" */;
			buildPhases = (
				9EADFAC41D400F2D00B5C7D6 /* Sources */,
				9EADFAC51D400F2D00B5C7D6 /* Frameworks */,
				9EADFAC61D400F2D00B5C7D6 /* Resources */,
			);
			buildRules = (
			);
			dependencies = (
			);
			name = "Lecture07-AttributedStringDemo";
			productName = "Lecture07-AttributedStringDemo";
			productReference = 9EADFAC81D400F2D00B5C7D6 /* Lecture07-AttributedStringDemo.app */;
			productType = "com.apple.product-type.application";
		};
		9EADFADB1D400F2D00B5C7D6 /* Lecture07-AttributedStringDemoTests */ = {
			isa = PBXNativeTarget;
			buildConfigurationList = 9EADFAF31D400F2D00B5C7D6 /* Build configuration list for PBXNativeTarget "Lecture07-AttributedStringDemoTests" */;
			buildPhases = (
				9EADFAD81D400F2D00B5C7D6 /* Sources */,
				9EADFAD91D400F2D00B5C7D6 /* Frameworks */,
				9EADFADA1D400F2D00B5C7D6 /* Resources */,
			);
			buildRules = (
			);
			dependencies = (
				9EADFADE1D400F2D00B5C7D6 /* PBXTargetDependency */,
			);
			name = "Lecture07-AttributedStringDemoTests";
			productName = "Lecture07-AttributedStringDemoTests";
			productReference = 9EADFADC1D400F2D00B5C7D6 /* Lecture07-AttributedStringDemoTests.xctest */;
			productType = "com.apple.product-type.bundle.unit-test";
		};
		9EADFAE61D400F2D00B5C7D6 /* Lecture07-AttributedStringDemoUITests */ = {
			isa = PBXNativeTarget;
			buildConfigurationList = 9EADFAF61D400F2D00B5C7D6 /* Build configuration list for PBXNativeTarget "Lecture07-AttributedStringDemoUITests" */;
			buildPhases = (
				9EADFAE31D400F2D00B5C7D6 /* Sources */,
				9EADFAE41D400F2D00B5C7D6 /* Frameworks */,
				9EADFAE51D400F2D00B5C7D6 /* Resources */,
			);
			buildRules = (
			);
			dependencies = (
				9EADFAE91D400F2D00B5C7D6 /* PBXTargetDependency */,
			);
			name = "Lecture07-AttributedStringDemoUITests";
			productName = "Lecture07-AttributedStringDemoUITests";
			productReference = 9EADFAE71D400F2D00B5C7D6 /* Lecture07-AttributedStringDemoUITests.xctest */;
			productType = "com.apple.product-type.bundle.ui-testing";
		};
/* End PBXNativeTarget section */

/* Begin PBXProject section */
		9EADFAC01D400F2D00B5C7D6 /* Project object */ = {
			isa = PBXProject;
			attributes = {
				LastSwiftUpdateCheck = 0730;
				LastUpgradeCheck = 0730;
				ORGANIZATIONNAME = "Jonathan Engelsma";
				TargetAttributes = {
					9EADFAC71D400F2D00B5C7D6 = {
						CreatedOnToolsVersion = 7.3.1;
					};
					9EADFADB1D400F2D00B5C7D6 = {
						CreatedOnToolsVersion = 7.3.1;
						TestTargetID = 9EADFAC71D400F2D00B5C7D6;
					};
					9EADFAE61D400F2D00B5C7D6 = {
						CreatedOnToolsVersion = 7.3.1;
						TestTargetID = 9EADFAC71D400F2D00B5C7D6;
					};
				};
			};
			buildConfigurationList = 9EADFAC31D400F2D00B5C7D6 /* Build configuration list for PBXProject "Lecture07-AttributedStringDemo" */;
			compatibilityVersion = "Xcode 3.2";
			developmentRegion = English;
			hasScannedForEncodings = 0;
			knownRegions = (
				en,
				Base,
			);
			mainGroup = 9EADFABF1D400F2D00B5C7D6;
			productRefGroup = 9EADFAC91D400F2D00B5C7D6 /* Products */;
			projectDirPath = "";
			projectRoot = "";
			targets = (
				9EADFAC71D400F2D00B5C7D6 /* Lecture07-AttributedStringDemo */,
				9EADFADB1D400F2D00B5C7D6 /* Lecture07-AttributedStringDemoTests */,
				9EADFAE61D400F2D00B5C7D6 /* Lecture07-AttributedStringDemoUITests */,
			);
		};
/* End PBXProject section */

/* Begin PBXResourcesBuildPhase section */
		9EADFAC61D400F2D00B5C7D6 /* Resources */ = {
			isa = PBXResourcesBuildPhase;
			buildActionMask = 2147483647;
			files = (
				9EADFAD61D400F2D00B5C7D6 /* LaunchScreen.storyboard in Resources */,
				9EADFAD31D400F2D00B5C7D6 /* Assets.xcassets in Resources */,
				9EADFAD11D400F2D00B5C7D6 /* Main.storyboard in Resources */,
			);
			runOnlyForDeploymentPostprocessing = 0;
		};
		9EADFADA1D400F2D00B5C7D6 /* Resources */ = {
			isa = PBXResourcesBuildPhase;
			buildActionMask = 2147483647;
			files = (
			);
			runOnlyForDeploymentPostprocessing = 0;
		};
		9EADFAE51D400F2D00B5C7D6 /* Resources */ = {
			isa = PBXResourcesBuildPhase;
			buildActionMask = 2147483647;
			files = (
			);
			runOnlyForDeploymentPostprocessing = 0;
		};
/* End PBXResourcesBuildPhase section */

/* Begin PBXSourcesBuildPhase section */
		9EADFAC41D400F2D00B5C7D6 /* Sources */ = {
			isa = PBXSourcesBuildPhase;
			buildActionMask = 2147483647;
			files = (
				9EADFACE1D400F2D00B5C7D6 /* ViewController.swift in Sources */,
				9EADFACC1D400F2D00B5C7D6 /* AppDelegate.swift in Sources */,
			);
			runOnlyForDeploymentPostprocessing = 0;
		};
		9EADFAD81D400F2D00B5C7D6 /* Sources */ = {
			isa = PBXSourcesBuildPhase;
			buildActionMask = 2147483647;
			files = (
				9EADFAE11D400F2D00B5C7D6 /* Lecture07_AttributedStringDemoTests.swift in Sources */,
			);
			runOnlyForDeploymentPostprocessing = 0;
		};
		9EADFAE31D400F2D00B5C7D6 /* Sources */ = {
			isa = PBXSourcesBuildPhase;
			buildActionMask = 2147483647;
			files = (
				9EADFAEC1D400F2D00B5C7D6 /* Lecture07_AttributedStringDemoUITests.swift in Sources */,
			);
			runOnlyForDeploymentPostprocessing = 0;
		};
/* End PBXSourcesBuildPhase section */

/* Begin PBXTargetDependency section */
		9EADFADE1D400F2D00B5C7D6 /* PBXTargetDependency */ = {
			isa = PBXTargetDependency;
			target = 9EADFAC71D400F2D00B5C7D6 /* Lecture07-AttributedStringDemo */;
			targetProxy = 9EADFADD1D400F2D00B5C7D6 /* PBXContainerItemProxy */;
		};
		9EADFAE91D400F2D00B5C7D6 /* PBXTargetDependency */ = {
			isa = PBXTargetDependency;
			target = 9EADFAC71D400F2D00B5C7D6 /* Lecture07-AttributedStringDemo */;
			targetProxy = 9EADFAE81D400F2D00B5C7D6 /* PBXContainerItemProxy */;
		};
/* End PBXTargetDependency section */

/* Begin PBXVariantGroup section */
		9EADFACF1D400F2D00B5C7D6 /* Main.storyboard */ = {
			isa = PBXVariantGroup;
			children = (
				9EADFAD01D400F2D00B5C7D6 /* Base */,
			);
			name = Main.storyboard;
			sourceTree = "<group>";
		};
		9EADFAD41D400F2D00B5C7D6 /* LaunchScreen.storyboard */ = {
			isa = PBXVariantGroup;
			children = (
				9EADFAD51D400F2D00B5C7D6 /* Base */,
			);
			name = LaunchScreen.storyboard;
			sourceTree = "<group>";
		};
/* End PBXVariantGroup section */

/* Begin XCBuildConfiguration section */
		9EADFAEE1D400F2D00B5C7D6 /* Debug */ = {
			isa = XCBuildConfiguration;
			buildSettings = {
				ALWAYS_SEARCH_USER_PATHS = NO;
				CLANG_ANALYZER_NONNULL = YES;
				CLANG_CXX_LANGUAGE_STANDARD = "gnu++0x";
				CLANG_CXX_LIBRARY = "libc++";
				CLANG_ENABLE_MODULES = YES;
				CLANG_ENABLE_OBJC_ARC = YES;
				CLANG_WARN_BOOL_CONVERSION = YES;
				CLANG_WARN_CONSTANT_CONVERSION = YES;
				CLANG_WARN_DIRECT_OBJC_ISA_USAGE = YES_ERROR;
				CLANG_WARN_EMPTY_BODY = YES;
				CLANG_WARN_ENUM_CONVERSION = YES;
				CLANG_WARN_INT_CONVERSION = YES;
				CLANG_WARN_OBJC_ROOT_CLASS = YES_ERROR;
				CLANG_WARN_UNREACHABLE_CODE = YES;
				CLANG_WARN__DUPLICATE_METHOD_MATCH = YES;
				"CODE_SIGN_IDENTITY[sdk=iphoneos*]" = "iPhone Developer";
				COPY_PHASE_STRIP = NO;
				DEBUG_INFORMATION_FORMAT = dwarf;
				ENABLE_STRICT_OBJC_MSGSEND = YES;
				ENABLE_TESTABILITY = YES;
				GCC_C_LANGUAGE_STANDARD = gnu99;
				GCC_DYNAMIC_NO_PIC = NO;
				GCC_NO_COMMON_BLOCKS = YES;
				GCC_OPTIMIZATION_LEVEL = 0;
				GCC_PREPROCESSOR_DEFINITIONS = (
					"DEBUG=1",
					"$(inherited)",
				);
				GCC_WARN_64_TO_32_BIT_CONVERSION = YES;
				GCC_WARN_ABOUT_RETURN_TYPE = YES_ERROR;
				GCC_WARN_UNDECLARED_SELECTOR = YES;
				GCC_WARN_UNINITIALIZED_AUTOS = YES_AGGRESSIVE;
				GCC_WARN_UNUSED_FUNCTION = YES;
				GCC_WARN_UNUSED_VARIABLE = YES;
				IPHONEOS_DEPLOYMENT_TARGET = 9.3;
				MTL_ENABLE_DEBUG_INFO = YES;
				ONLY_ACTIVE_ARCH = YES;
				SDKROOT = iphoneos;
				SWIFT_OPTIMIZATION_LEVEL = "-Onone";
				TARGETED_DEVICE_FAMILY = "1,2";
			};
			name = Debug;
		};
		9EADFAEF1D400F2D00B5C7D6 /* Release */ = {
			isa = XCBuildConfiguration;
			buildSettings = {
				ALWAYS_SEARCH_USER_PATHS = NO;
				CLANG_ANALYZER_NONNULL = YES;
				CLANG_CXX_LANGUAGE_STANDARD = "gnu++0x";
				CLANG_CXX_LIBRARY = "libc++";
				CLANG_ENABLE_MODULES = YES;
				CLANG_ENABLE_OBJC_ARC = YES;
				CLANG_WARN_BOOL_CONVERSION = YES;
				CLANG_WARN_CONSTANT_CONVERSION = YES;
				CLANG_WARN_DIRECT_OBJC_ISA_USAGE = YES_ERROR;
				CLANG_WARN_EMPTY_BODY = YES;
				CLANG_WARN_ENUM_CONVERSION = YES;
				CLANG_WARN_INT_CONVERSION = YES;
				CLANG_WARN_OBJC_ROOT_CLASS = YES_ERROR;
				CLANG_WARN_UNREACHABLE_CODE = YES;
				CLANG_WARN__DUPLICATE_METHOD_MATCH = YES;
				"CODE_SIGN_IDENTITY[sdk=iphoneos*]" = "iPhone Developer";
				COPY_PHASE_STRIP = NO;
				DEBUG_INFORMATION_FORMAT = "dwarf-with-dsym";
				ENABLE_NS_ASSERTIONS = NO;
				ENABLE_STRICT_OBJC_MSGSEND = YES;
				GCC_C_LANGUAGE_STANDARD = gnu99;
				GCC_NO_COMMON_BLOCKS = YES;
				GCC_WARN_64_TO_32_BIT_CONVERSION = YES;
				GCC_WARN_ABOUT_RETURN_TYPE = YES_ERROR;
				GCC_WARN_UNDECLARED_SELECTOR = YES;
				GCC_WARN_UNINITIALIZED_AUTOS = YES_AGGRESSIVE;
				GCC_WARN_UNUSED_FUNCTION = YES;
				GCC_WARN_UNUSED_VARIABLE = YES;
				IPHONEOS_DEPLOYMENT_TARGET = 9.3;
				MTL_ENABLE_DEBUG_INFO = NO;
				SDKROOT = iphoneos;
				TARGETED_DEVICE_FAMILY = "1,2";
				VALIDATE_PRODUCT = YES;
			};
			name = Release;
		};
		9EADFAF11D400F2D00B5C7D6 /* Debug */ = {
			isa = XCBuildConfiguration;
			buildSettings = {
				ASSETCATALOG_COMPILER_APPICON_NAME = AppIcon;
				INFOPLIST_FILE = "Lecture07-AttributedStringDemo/Info.plist";
				LD_RUNPATH_SEARCH_PATHS = "$(inherited) @executable_path/Frameworks";
				PRODUCT_BUNDLE_IDENTIFIER = "edu.gvsu.cis.cis657.Lecture07-AttributedStringDemo";
				PRODUCT_NAME = "$(TARGET_NAME)";
			};
			name = Debug;
		};
		9EADFAF21D400F2D00B5C7D6 /* Release */ = {
			isa = XCBuildConfiguration;
			buildSettings = {
				ASSETCATALOG_COMPILER_APPICON_NAME = AppIcon;
				INFOPLIST_FILE = "Lecture07-AttributedStringDemo/Info.plist";
				LD_RUNPATH_SEARCH_PATHS = "$(inherited) @executable_path/Frameworks";
				PRODUCT_BUNDLE_IDENTIFIER = "edu.gvsu.cis.cis657.Lecture07-AttributedStringDemo";
				PRODUCT_NAME = "$(TARGET_NAME)";
			};
			name = Release;
		};
		9EADFAF41D400F2D00B5C7D6 /* Debug */ = {
			isa = XCBuildConfiguration;
			buildSettings = {
				BUNDLE_LOADER = "$(TEST_HOST)";
				INFOPLIST_FILE = "Lecture07-AttributedStringDemoTests/Info.plist";
				LD_RUNPATH_SEARCH_PATHS = "$(inherited) @executable_path/Frameworks @loader_path/Frameworks";
				PRODUCT_BUNDLE_IDENTIFIER = "edu.gvsu.cis.cis657.Lecture07-AttributedStringDemoTests";
				PRODUCT_NAME = "$(TARGET_NAME)";
				TEST_HOST = "$(BUILT_PRODUCTS_DIR)/Lecture07-AttributedStringDemo.app/Lecture07-AttributedStringDemo";
			};
			name = Debug;
		};
		9EADFAF51D400F2D00B5C7D6 /* Release */ = {
			isa = XCBuildConfiguration;
			buildSettings = {
				BUNDLE_LOADER = "$(TEST_HOST)";
				INFOPLIST_FILE = "Lecture07-AttributedStringDemoTests/Info.plist";
				LD_RUNPATH_SEARCH_PATHS = "$(inherited) @executable_path/Frameworks @loader_path/Frameworks";
				PRODUCT_BUNDLE_IDENTIFIER = "edu.gvsu.cis.cis657.Lecture07-AttributedStringDemoTests";
				PRODUCT_NAME = "$(TARGET_NAME)";
				TEST_HOST = "$(BUILT_PRODUCTS_DIR)/Lecture07-AttributedStringDemo.app/Lecture07-AttributedStringDemo";
			};
			name = Release;
		};
		9EADFAF71D400F2D00B5C7D6 /* Debug */ = {
			isa = XCBuildConfiguration;
			buildSettings = {
				INFOPLIST_FILE = "Lecture07-AttributedStringDemoUITests/Info.plist";
				LD_RUNPATH_SEARCH_PATHS = "$(inherited) @executable_path/Frameworks @loader_path/Frameworks";
				PRODUCT_BUNDLE_IDENTIFIER = "edu.gvsu.cis.cis657.Lecture07-AttributedStringDemoUITests";
				PRODUCT_NAME = "$(TARGET_NAME)";
				TEST_TARGET_NAME = "Lecture07-AttributedStringDemo";
			};
			name = Debug;
		};
		9EADFAF81D400F2D00B5C7D6 /* Release */ = {
			isa = XCBuildConfiguration;
			buildSettings = {
				INFOPLIST_FILE = "Lecture07-AttributedStringDemoUITests/Info.plist";
				LD_RUNPATH_SEARCH_PATHS = "$(inherited) @executable_path/Frameworks @loader_path/Frameworks";
				PRODUCT_BUNDLE_IDENTIFIER = "edu.gvsu.cis.cis657.Lecture07-AttributedStringDemoUITests";
				PRODUCT_NAME = "$(TARGET_NAME)";
				TEST_TARGET_NAME = "Lecture07-AttributedStringDemo";
			};
			name = Release;
		};
/* End XCBuildConfiguration section */

/* Begin XCConfigurationList section */
		9EADFAC31D400F2D00B5C7D6 /* Build configuration list for PBXProject "Lecture07-AttributedStringDemo" */ = {
			isa = XCConfigurationList;
			buildConfigurations = (
				9EADFAEE1D400F2D00B5C7D6 /* Debug */,
				9EADFAEF1D400F2D00B5C7D6 /* Release */,
			);
			defaultConfigurationIsVisible = 0;
			defaultConfigurationName = Release;
		};
		9EADFAF01D400F2D00B5C7D6 /* Build configuration list for PBXNativeTarget "Lecture07-AttributedStringDemo" */ = {
			isa = XCConfigurationList;
			buildConfigurations = (
				9EADFAF11D400F2D00B5C7D6 /* Debug */,
				9EADFAF21D400F2D00B5C7D6 /* Release */,
			);
			defaultConfigurationIsVisible = 0;
		};
		9EADFAF31D400F2D00B5C7D6 /* Build configuration list for PBXNativeTarget "Lecture07-AttributedStringDemoTests" */ = {
			isa = XCConfigurationList;
			buildConfigurations = (
				9EADFAF41D400F2D00B5C7D6 /* Debug */,
				9EADFAF51D400F2D00B5C7D6 /* Release */,
			);
			defaultConfigurationIsVisible = 0;
		};
		9EADFAF61D400F2D00B5C7D6 /* Build configuration list for PBXNativeTarget "Lecture07-AttributedStringDemoUITests" */ = {
			isa = XCConfigurationList;
			buildConfigurations = (
				9EADFAF71D400F2D00B5C7D6 /* Debug */,
				9EADFAF81D400F2D00B5C7D6 /* Release */,
			);
			defaultConfigurationIsVisible = 0;
		};
/* End XCConfigurationList section */
	};
	rootObject = 9EADFAC01D400F2D00B5C7D6 /* Project object */;
}
